# This file is autogenerated, do not edit; changes may be undone by the next 'dep ensure'.


[[projects]]
  name = "github.com/DataDog/zstd"
  packages = ["."]
  revision = "809b919c325d7887bff7bd876162af73db53e878"
  version = "v1.4.0"

[[projects]]
  name = "github.com/Microsoft/go-winio"
  packages = ["."]
  revision = "7ff89941bcb93df2e962467fb073c6e997b13cf0"
  version = "v0.4.4"

[[projects]]
  name = "github.com/Shopify/sarama"
  packages = ["."]
  revision = "ea9ab1c316850bee881a07bb2555ee8a685cd4b6"
  version = "v1.22.1"

[[projects]]
  name = "github.com/Sirupsen/logrus"
  packages = ["."]
  revision = "a3f95b5c423586578a4e099b11a46c2479628cac"
  version = "1.0.2"

[[projects]]
  name = "github.com/davecgh/go-spew"
  packages = ["spew"]
  revision = "346938d642f2ec3594ed81d874461961cd0faa76"
  version = "v1.1.0"

[[projects]]
  name = "github.com/docker/distribution"
  packages = ["digest","reference"]
  revision = "48294d928ced5dd9b378f7fd7c6f5da3ff3f2c89"
  version = "v2.6.2"

[[projects]]
  name = "github.com/docker/docker"
  packages = ["api","api/types","api/types/blkiodev","api/types/container","api/types/events","api/types/filters","api/types/mount","api/types/network","api/types/reference","api/types/registry","api/types/strslice","api/types/swarm","api/types/time","api/types/versions","api/types/volume","client","pkg/ioutils","pkg/longpath","pkg/system","pkg/tlsconfig"]
  revision = "092cba3727bb9b4a2f0e922cd6c0f93ea270e363"
  version = "v1.13.1"

[[projects]]
  name = "github.com/docker/go-connections"
  packages = ["nat","sockets","tlsconfig"]
  revision = "990a1a1a70b0da4c4cb70e117971a4f0babfbf1a"
  version = "v0.2.1"

[[projects]]
  name = "github.com/docker/go-units"
  packages = ["."]
  revision = "f2d77a61e3c169b43402a0a1e84f06daf29b8190"
  version = "v0.3.1"

[[projects]]
  branch = "master"
  name = "github.com/docker/libtrust"
  packages = ["."]
  revision = "aabc10ec26b754e797f9028f4589c5b7bd90dc20"

[[projects]]
  name = "github.com/dustin/go-humanize"
  packages = ["."]
  revision = "9f541cc9db5d55bce703bd99987c9d5cb8eea45e"
  version = "v1.0.0"

[[projects]]
  name = "github.com/eapache/go-resiliency"
  packages = ["breaker"]
  revision = "6800482f2c813e689c88b7ed3282262385011890"
  version = "v1.0.0"

[[projects]]
  branch = "master"
  name = "github.com/eapache/go-xerial-snappy"
  packages = ["."]
  revision = "bb955e01b9346ac19dc29eb16586c90ded99a98c"

[[projects]]
  name = "github.com/eapache/queue"
  packages = ["."]
  revision = "ded5959c0d4e360646dc9e9908cff48666781367"
  version = "v1.0.2"

[[projects]]
  name = "github.com/elastic/beats"
  packages = ["dev-tools/mage","filebeat/scripts/generator","libbeat/api","libbeat/asset","libbeat/autodiscover","libbeat/autodiscover/appenders/config","libbeat/autodiscover/builder","libbeat/autodiscover/meta","libbeat/autodiscover/providers/docker","libbeat/autodiscover/providers/jolokia","libbeat/autodiscover/providers/kubernetes","libbeat/autodiscover/template","libbeat/beat","libbeat/cfgfile","libbeat/cloudid","libbeat/cmd","libbeat/cmd/export","libbeat/cmd/instance","libbeat/cmd/test","libbeat/common","libbeat/common/atomic","libbeat/common/backoff","libbeat/common/bus","libbeat/common/cfgtype","libbeat/common/cfgwarn","libbeat/common/cli","libbeat/common/docker","libbeat/common/dtfmt","libbeat/common/file","libbeat/common/fmtstr","libbeat/common/jsontransform","libbeat/common/kafka","libbeat/common/kubernetes","libbeat/common/match","libbeat/common/reload","libbeat/common/safemapstr","libbeat/common/schema","libbeat/common/schema/mapstriface","libbeat/common/seccomp","libbeat/common/streambuf","libbeat/common/terminal","libbeat/common/transport/tlscommon","libbeat/conditions","libbeat/dashboards","libbeat/feature","libbeat/keystore","libbeat/kibana","libbeat/logp","libbeat/logp/configure","libbeat/management","libbeat/metric/system/cpu","libbeat/metric/system/host","libbeat/metric/system/memory","libbeat/metric/system/process","libbeat/monitoring","libbeat/monitoring/adapter","libbeat/monitoring/report","libbeat/monitoring/report/elasticsearch","libbeat/monitoring/report/log","libbeat/outputs","libbeat/outputs/codec","libbeat/outputs/codec/format","libbeat/outputs/codec/json","libbeat/outputs/console","libbeat/outputs/elasticsearch","libbeat/outputs/fileout","libbeat/outputs/kafka","libbeat/outputs/logstash","libbeat/outputs/outil","libbeat/outputs/redis","libbeat/outputs/transport","libbeat/paths","libbeat/plugin","libbeat/processors","libbeat/processors/actions","libbeat/processors/add_cloud_metadata","libbeat/processors/add_docker_metadata","libbeat/processors/add_host_metadata","libbeat/processors/add_kubernetes_metadata","libbeat/processors/add_locale","libbeat/processors/add_process_metadata","libbeat/processors/dissect","libbeat/processors/dns","libbeat/publisher","libbeat/publisher/includes","libbeat/publisher/pipeline","libbeat/publisher/queue","libbeat/publisher/queue/memqueue","libbeat/publisher/queue/spool","libbeat/service","libbeat/template","libbeat/testing","libbeat/version"]
  revision = "2c385a0764bdc537b6dc078a1d9bf11bb6d7bd95"
  version = "v6.6.0"

[[projects]]
  name = "github.com/elastic/go-lumber"
  packages = ["client/v2","protocol/v2"]
  revision = "616041e345fc33c97bc0eb0fa6b388aa07bca3e1"
  version = "v0.1.0"

[[projects]]
  name = "github.com/elastic/go-seccomp-bpf"
  packages = [".","arch"]
  revision = "4e6640ac0ec1b7cd22a7ec12f4ca610efbe3c4d9"
  version = "v1.1.0"

[[projects]]
  name = "github.com/elastic/go-structform"
  packages = [".","cborl","gotype","internal/unsafe","json","ubjson","visitors"]
  revision = "1425975cf4eb470099fcf02cbe9389cf3a7028a3"
  version = "v0.0.5"

[[projects]]
  name = "github.com/elastic/go-sysinfo"
  packages = [".","internal/registry","providers/darwin","providers/linux","providers/shared","providers/windows","types"]
  revision = "8e0e854621d7e11462d5379fe90d004214482e73"
  version = "v1.0.1"

[[projects]]
  name = "github.com/elastic/go-txfile"
  packages = [".","dev-tools/lib/mage/gotool","dev-tools/lib/mage/mgenv","dev-tools/lib/mage/xbuild","internal/cleanup","internal/invariant","internal/iter","internal/strbld","internal/tracelog","internal/vfs","internal/vfs/osfs","pq","txerr"]
  revision = "fa3d87c14381c01aaa1c7901877fb5e483294964"
  version = "v0.0.6"

[[projects]]
  name = "github.com/elastic/go-ucfg"
  packages = [".","cfgutil","flag","internal/parse","json","yaml"]
  revision = "0539807037ce820e147797f051ff32b05f4f9288"
  version = "v0.7.0"

[[projects]]
  name = "github.com/elastic/go-windows"
  packages = ["."]
  revision = "4fe172db2494b71a5b0d1de5a0248e543d7249f4"
  version = "v1.0.0"

[[projects]]
  name = "github.com/elastic/gosigar"
  packages = [".","cgroup","sys","sys/linux","sys/windows"]
  revision = "fc57ef8c6efc0b4fdc6d7c623173073a6d3d4736"
  version = "v0.10.1"

[[projects]]
  name = "github.com/ericchiang/k8s"
  packages = [".","apis/apiextensions/v1beta1","apis/apps/v1beta1","apis/core/v1","apis/extensions/v1beta1","apis/meta/v1","apis/policy/v1beta1","apis/resource","runtime","runtime/schema","util/intstr","watch/versioned"]
  revision = "d1bbc0cffaf9849ddcae7b9efffae33e2dd52e9a"
  version = "v1.2.0"

[[projects]]
  name = "github.com/fatih/color"
  packages = ["."]
  revision = "570b54cabe6b8eb0bc2dfce68d964677d63b5260"
  version = "v1.5.0"

[[projects]]
  name = "github.com/garyburd/redigo"
  packages = ["internal","redis"]
  revision = "433969511232c397de61b1442f9fd49ec06ae9ba"
  version = "v1.1.0"

[[projects]]
  name = "github.com/ghodss/yaml"
  packages = ["."]
  revision = "0ca9ea5df5451ffdf184b4428c902747c2c11cd7"
  version = "v1.0.0"

[[projects]]
  name = "github.com/gofrs/uuid"
  packages = ["."]
  revision = "6b08a5c5172ba18946672b49749cde22873dd7c2"
  version = "v3.2.0"

[[projects]]
  branch = "master"
  name = "github.com/golang/protobuf"
  packages = ["proto"]
  revision = "748d386b5c1ea99658fd69fe9f03991ce86a90c1"

[[projects]]
  branch = "master"
  name = "github.com/golang/snappy"
  packages = ["."]
  revision = "553a641470496b2327abcac10b36396bd98e45c9"

[[projects]]
  name = "github.com/inconshreveable/mousetrap"
  packages = ["."]
  revision = "76626ae9c91c4f2a10f34cad8ce83ea42c93bb75"
  version = "v1.0"

[[projects]]
  branch = "master"
  name = "github.com/joeshaw/multierror"
  packages = ["."]
  revision = "69b34d4ec901851247ae7e77d33909caf9df99ed"

[[projects]]
  branch = "master"
  name = "github.com/jstemmer/go-junit-report"
  packages = ["formatter","parser"]
  revision = "af01ea7f8024089b458d804d5cdf190f962a9a0c"

[[projects]]
  name = "github.com/klauspost/compress"
  packages = ["flate","zlib"]
  revision = "6c8db69c4b49dd4df1fff66996cf556176d0b9bf"
  version = "v1.2.1"

[[projects]]
  name = "github.com/klauspost/cpuid"
  packages = ["."]
  revision = "ae7887de9fa5d2db4eaa8174a7eff2c1ac00f2da"
  version = "v1.1"

[[projects]]
  name = "github.com/magefile/mage"
  packages = ["mg","sh","target","types"]
  revision = "49bafb86c808d73cabc5353d9ec040745dfab453"
  version = "v1.4.0"

[[projects]]
  name = "github.com/mattn/go-colorable"
  packages = ["."]
  revision = "167de6bfdfba052fa6b2d3664c8f5272e23c9072"
  version = "v0.0.9"

[[projects]]
  name = "github.com/mattn/go-isatty"
  packages = ["."]
  revision = "fc9e8d8ef48496124e79ae0df75490096eccf6fe"
  version = "v0.0.2"

[[projects]]
  name = "github.com/miekg/dns"
  packages = ["."]
  revision = "8aa92d4e02c501ba21e26fb92cf2fb9f23f56917"
  version = "v1.1.9"

[[projects]]
  branch = "master"
  name = "github.com/mitchellh/hashstructure"
  packages = ["."]
  revision = "2bca23e0e452137f789efbc8610126fd8b94f73b"

[[projects]]
  name = "github.com/opencontainers/runc"
  packages = ["libcontainer/user"]
  revision = "baf6536d6259209c3edfa2b22237af82942d3dfa"
  version = "v0.1.1"

[[projects]]
  name = "github.com/pierrec/lz4"
  packages = ["."]
  revision = "5c9560bfa9ace2bf86080bf40d46b34ae44604df"
  version = "v1.0"

[[projects]]
  name = "github.com/pierrec/xxHash"
  packages = ["xxHash32"]
  revision = "f051bb7f1d1aaf1b5a665d74fb6b0217712c69f7"
  version = "v0.1.1"

[[projects]]
  name = "github.com/pkg/errors"
  packages = ["."]
  revision = "645ef00459ed84a119197bfb8d8205042c6df63d"
  version = "v0.8.0"

[[projects]]
  branch = "master"
  name = "github.com/prometheus/procfs"
  packages = [".","internal/fs"]
  revision = "5867b95ac084bbfee6ea16595c4e05ab009021da"

[[projects]]
  branch = "master"
  name = "github.com/rcrowley/go-metrics"
  packages = ["."]
  revision = "1f30fe9094a513ce4c700b9a54458bbb0c96996c"

[[projects]]
  branch = "master"
  name = "github.com/spf13/cobra"
  packages = ["."]
  revision = "b26b538f693051ac6518e65672de3144ce3fbedc"

[[projects]]
  name = "github.com/spf13/pflag"
  packages = ["."]
  revision = "e57e3eeb33f795204c1ca35f56c44f83227c6e66"
  version = "v1.0.0"

[[projects]]
  name = "github.com/theckman/go-flock"
  packages = ["."]
  revision = "392e7fae8f1b0bdbd67dad7237d23f618feb6dbb"
  version = "v0.7.1"

[[projects]]
  branch = "master"
  name = "github.com/urso/go-bin"
  packages = ["."]
  revision = "781c575c9f0eb3cb9dca94521bd7ad7d5aec7fd4"

[[projects]]
  name = "go.uber.org/atomic"
  packages = ["."]
  revision = "df976f2515e274675050de7b3f42545de80594fd"
  version = "v1.4.0"

[[projects]]
  name = "go.uber.org/multierr"
  packages = ["."]
  revision = "3c4937480c32f4c13a875a1829af76c98ca3d40a"
  version = "v1.1.0"

[[projects]]
  name = "go.uber.org/zap"
  packages = [".","buffer","internal/bufferpool","internal/color","internal/exit","zapcore","zaptest/observer"]
  revision = "27376062155ad36be76b0f12cf1572a221d3a48c"
  version = "v1.10.0"

[[projects]]
  branch = "master"
  name = "golang.org/x/crypto"
  packages = ["ed25519","ed25519/internal/edwards25519","pbkdf2","ssh/terminal"]
  revision = "e1dfcc566284e143ba8f9afbb3fa563f2a0d212b"

[[projects]]
  branch = "master"
  name = "golang.org/x/net"
  packages = ["bpf","context","context/ctxhttp","http2","http2/hpack","idna","internal/iana","internal/socket","ipv4","ipv6","lex/httplex","proxy"]
  revision = "f5079bd7f6f74e23c4d65efa0f4ce14cbd6a3c0f"

[[projects]]
  branch = "master"
  name = "golang.org/x/sys"
  packages = ["unix","windows","windows/registry","windows/svc","windows/svc/debug","windows/svc/eventlog"]
  revision = "d8f5ea21b9295e315e612b4bcf4bedea93454d4d"

[[projects]]
  branch = "master"
  name = "golang.org/x/text"
  packages = ["internal/gen","internal/triegen","internal/ucd","secure/bidirule","transform","unicode/bidi","unicode/cldr","unicode/norm","unicode/rangetable"]
  revision = "3bd178b88a8180be2df394a1fbb81313916f0e7b"

[[projects]]
  branch = "master"
  name = "golang.org/x/tools"
  packages = ["go/vcs"]
  revision = "73554e0f78058c37e5421bc48273a72400172221"

[[projects]]
  name = "gopkg.in/bsm/sarama-cluster.v2"
  packages = ["."]
  revision = "c618e605e15c0d7535f6c96ff8efbb0dba4fd66c"
  version = "v2.1.15"

[[projects]]
  branch = "v2"
  name = "gopkg.in/yaml.v2"
  packages = ["."]
  revision = "25c4ec802a7d637f88d584ab26798e94ad14c13b"

[[projects]]
  branch = "master"
  name = "howett.net/plist"
  packages = ["."]
  revision = "591f970eefbbeb04d7b37f334a0c4c3256e32876"

[solve-meta]
  analyzer-name = "dep"
  analyzer-version = 1
  inputs-digest = "5dab31a99c3acafd4e6a8b3cfe386f57d4f2771fd767579ec4851903a6b83901"
  solver-name = "gps-cdcl"
  solver-version = 1
